// !$*UTF8*$!
{
	archiveVersion = 1;
	classes = {
	};
	objectVersion = 48;
	objects = {

/* Begin PBXBuildFile section */
		4F4E0F5F1FC4839200856105 /* AppDelegate.swift in Sources */ = {isa = PBXBuildFile; fileRef = 4F4E0F5E1FC4839200856105 /* AppDelegate.swift */; };
		4F4E0F611FC4839200856105 /* ViewController.swift in Sources */ = {isa = PBXBuildFile; fileRef = 4F4E0F601FC4839200856105 /* ViewController.swift */; };
		4F4E0F641FC4839200856105 /* Main.storyboard in Resources */ = {isa = PBXBuildFile; fileRef = 4F4E0F621FC4839200856105 /* Main.storyboard */; };
		4F4E0F661FC4839200856105 /* Assets.xcassets in Resources */ = {isa = PBXBuildFile; fileRef = 4F4E0F651FC4839200856105 /* Assets.xcassets */; };
		4F4E0F691FC4839200856105 /* LaunchScreen.storyboard in Resources */ = {isa = PBXBuildFile; fileRef = 4F4E0F671FC4839200856105 /* LaunchScreen.storyboard */; };
		4F4E0F891FC485F700856105 /* StringEmoji.framework in CopyFiles */ = {isa = PBXBuildFile; fileRef = 4F4E0F871FC4859500856105 /* StringEmoji.framework */; settings = {ATTRIBUTES = (CodeSignOnCopy, RemoveHeadersOnCopy, ); }; };
		4FE1A5C820234CF600CDFB25 /* ExampleTests.swift in Sources */ = {isa = PBXBuildFile; fileRef = 4FE1A5C720234CF600CDFB25 /* ExampleTests.swift */; };
		4FE1A5D02023539800CDFB25 /* StringEmoji.framework in Frameworks */ = {isa = PBXBuildFile; fileRef = 4F80F522202341BD00AB52CF /* StringEmoji.framework */; };
		4FE1A5D12023546600CDFB25 /* StringEmoji.framework in Frameworks */ = {isa = PBXBuildFile; fileRef = 4F80F522202341BD00AB52CF /* StringEmoji.framework */; };
/* End PBXBuildFile section */

/* Begin PBXContainerItemProxy section */
		4FE1A5CA20234CF600CDFB25 /* PBXContainerItemProxy */ = {
			isa = PBXContainerItemProxy;
			containerPortal = 4F4E0F531FC4839200856105 /* Project object */;
			proxyType = 1;
			remoteGlobalIDString = 4F4E0F5A1FC4839200856105;
			remoteInfo = Example;
		};
/* End PBXContainerItemProxy section */

/* Begin PBXCopyFilesBuildPhase section */
		4F4E0F881FC485E200856105 /* CopyFiles */ = {
			isa = PBXCopyFilesBuildPhase;
			buildActionMask = 2147483647;
			dstPath = "";
			dstSubfolderSpec = 10;
			files = (
				4F4E0F891FC485F700856105 /* StringEmoji.framework in CopyFiles */,
			);
			runOnlyForDeploymentPostprocessing = 0;
		};
/* End PBXCopyFilesBuildPhase section */

/* Begin PBXFileReference section */
		4F4E0F5B1FC4839200856105 /* Example.app */ = {isa = PBXFileReference; explicitFileType = wrapper.application; includeInIndex = 0; path = Example.app; sourceTree = BUILT_PRODUCTS_DIR; };
		4F4E0F5E1FC4839200856105 /* AppDelegate.swift */ = {isa = PBXFileReference; lastKnownFileType = sourcecode.swift; path = AppDelegate.swift; sourceTree = "<group>"; };
		4F4E0F601FC4839200856105 /* ViewController.swift */ = {isa = PBXFileReference; lastKnownFileType = sourcecode.swift; path = ViewController.swift; sourceTree = "<group>"; };
		4F4E0F631FC4839200856105 /* Base */ = {isa = PBXFileReference; lastKnownFileType = file.storyboard; name = Base; path = Base.lproj/Main.storyboard; sourceTree = "<group>"; };
		4F4E0F651FC4839200856105 /* Assets.xcassets */ = {isa = PBXFileReference; lastKnownFileType = folder.assetcatalog; path = Assets.xcassets; sourceTree = "<group>"; };
		4F4E0F681FC4839200856105 /* Base */ = {isa = PBXFileReference; lastKnownFileType = file.storyboard; name = Base; path = Base.lproj/LaunchScreen.storyboard; sourceTree = "<group>"; };
		4F4E0F6A1FC4839200856105 /* Info.plist */ = {isa = PBXFileReference; lastKnownFileType = text.plist.xml; path = Info.plist; sourceTree = "<group>"; };
		4F4E0F871FC4859500856105 /* StringEmoji.framework */ = {isa = PBXFileReference; explicitFileType = wrapper.framework; path = StringEmoji.framework; sourceTree = BUILT_PRODUCTS_DIR; };
		4F80F522202341BD00AB52CF /* StringEmoji.framework */ = {isa = PBXFileReference; lastKnownFileType = wrapper.framework; name = StringEmoji.framework; path = "../../../Library/Developer/Xcode/DerivedData/StringEmoji-dowxxvvtepjnciaebxpcfkondnkw/Build/Products/Debug-iphonesimulator/StringEmoji.framework"; sourceTree = "<group>"; };
		4FE1A5C520234CF600CDFB25 /* ExampleTests.xctest */ = {isa = PBXFileReference; explicitFileType = wrapper.cfbundle; includeInIndex = 0; path = ExampleTests.xctest; sourceTree = BUILT_PRODUCTS_DIR; };
		4FE1A5C720234CF600CDFB25 /* ExampleTests.swift */ = {isa = PBXFileReference; lastKnownFileType = sourcecode.swift; path = ExampleTests.swift; sourceTree = "<group>"; };
		4FE1A5C920234CF600CDFB25 /* Info.plist */ = {isa = PBXFileReference; lastKnownFileType = text.plist.xml; path = Info.plist; sourceTree = "<group>"; };
/* End PBXFileReference section */

/* Begin PBXFrameworksBuildPhase section */
		4F4E0F581FC4839200856105 /* Frameworks */ = {
			isa = PBXFrameworksBuildPhase;
			buildActionMask = 2147483647;
			files = (
				4FE1A5D02023539800CDFB25 /* StringEmoji.framework in Frameworks */,
			);
			runOnlyForDeploymentPostprocessing = 0;
		};
		4FE1A5C220234CF600CDFB25 /* Frameworks */ = {
			isa = PBXFrameworksBuildPhase;
			buildActionMask = 2147483647;
			files = (
				4FE1A5D12023546600CDFB25 /* StringEmoji.framework in Frameworks */,
			);
			runOnlyForDeploymentPostprocessing = 0;
		};
/* End PBXFrameworksBuildPhase section */

/* Begin PBXGroup section */
		4F4E0F521FC4839200856105 = {
			isa = PBXGroup;
			children = (
				4F4E0F5D1FC4839200856105 /* Example */,
				4FE1A5C620234CF600CDFB25 /* ExampleTests */,
				4F4E0F5C1FC4839200856105 /* Products */,
				4F4E0F851FC4859500856105 /* Frameworks */,
			);
			sourceTree = "<group>";
		};
		4F4E0F5C1FC4839200856105 /* Products */ = {
			isa = PBXGroup;
			children = (
				4F4E0F5B1FC4839200856105 /* Example.app */,
				4FE1A5C520234CF600CDFB25 /* ExampleTests.xctest */,
			);
			name = Products;
			sourceTree = "<group>";
		};
		4F4E0F5D1FC4839200856105 /* Example */ = {
			isa = PBXGroup;
			children = (
				4F4E0F5E1FC4839200856105 /* AppDelegate.swift */,
				4F4E0F601FC4839200856105 /* ViewController.swift */,
				4F4E0F621FC4839200856105 /* Main.storyboard */,
				4F4E0F651FC4839200856105 /* Assets.xcassets */,
				4F4E0F671FC4839200856105 /* LaunchScreen.storyboard */,
				4F4E0F6A1FC4839200856105 /* Info.plist */,
			);
			path = Example;
			sourceTree = "<group>";
		};
		4F4E0F851FC4859500856105 /* Frameworks */ = {
			isa = PBXGroup;
			children = (
				4F80F522202341BD00AB52CF /* StringEmoji.framework */,
				4F4E0F871FC4859500856105 /* StringEmoji.framework */,
			);
			name = Frameworks;
			sourceTree = "<group>";
		};
		4FE1A5C620234CF600CDFB25 /* ExampleTests */ = {
			isa = PBXGroup;
			children = (
				4FE1A5C720234CF600CDFB25 /* ExampleTests.swift */,
				4FE1A5C920234CF600CDFB25 /* Info.plist */,
			);
			path = ExampleTests;
			sourceTree = "<group>";
		};
/* End PBXGroup section */

/* Begin PBXNativeTarget section */
		4F4E0F5A1FC4839200856105 /* Example */ = {
			isa = PBXNativeTarget;
			buildConfigurationList = 4F4E0F6D1FC4839200856105 /* Build configuration list for PBXNativeTarget "Example" */;
			buildPhases = (
				4F4E0F571FC4839200856105 /* Sources */,
				4F4E0F581FC4839200856105 /* Frameworks */,
				4F4E0F591FC4839200856105 /* Resources */,
				4F4E0F881FC485E200856105 /* CopyFiles */,
			);
			buildRules = (
			);
			dependencies = (
			);
			name = Example;
			productName = Example;
			productReference = 4F4E0F5B1FC4839200856105 /* Example.app */;
			productType = "com.apple.product-type.application";
		};
		4FE1A5C420234CF600CDFB25 /* ExampleTests */ = {
			isa = PBXNativeTarget;
			buildConfigurationList = 4FE1A5CE20234CF600CDFB25 /* Build configuration list for PBXNativeTarget "ExampleTests" */;
			buildPhases = (
				4FE1A5C120234CF600CDFB25 /* Sources */,
				4FE1A5C220234CF600CDFB25 /* Frameworks */,
				4FE1A5C320234CF600CDFB25 /* Resources */,
			);
			buildRules = (
			);
			dependencies = (
				4FE1A5CB20234CF600CDFB25 /* PBXTargetDependency */,
			);
			name = ExampleTests;
			productName = ExampleTests;
			productReference = 4FE1A5C520234CF600CDFB25 /* ExampleTests.xctest */;
			productType = "com.apple.product-type.bundle.unit-test";
		};
/* End PBXNativeTarget section */

/* Begin PBXProject section */
		4F4E0F531FC4839200856105 /* Project object */ = {
			isa = PBXProject;
			attributes = {
				LastSwiftUpdateCheck = 0920;
				LastUpgradeCheck = 0910;
				ORGANIZATIONNAME = Piterwilson;
				TargetAttributes = {
					4F4E0F5A1FC4839200856105 = {
						CreatedOnToolsVersion = 9.1;
						ProvisioningStyle = Manual;
					};
					4FE1A5C420234CF600CDFB25 = {
						CreatedOnToolsVersion = 9.2;
						ProvisioningStyle = Automatic;
						TestTargetID = 4F4E0F5A1FC4839200856105;
					};
				};
			};
			buildConfigurationList = 4F4E0F561FC4839200856105 /* Build configuration list for PBXProject "Example" */;
			compatibilityVersion = "Xcode 8.0";
			developmentRegion = en;
			hasScannedForEncodings = 0;
			knownRegions = (
				en,
				Base,
			);
			mainGroup = 4F4E0F521FC4839200856105;
			productRefGroup = 4F4E0F5C1FC4839200856105 /* Products */;
			projectDirPath = "";
			projectRoot = "";
			targets = (
				4F4E0F5A1FC4839200856105 /* Example */,
				4FE1A5C420234CF600CDFB25 /* ExampleTests */,
			);
		};
/* End PBXProject section */

/* Begin PBXResourcesBuildPhase section */
		4F4E0F591FC4839200856105 /* Resources */ = {
			isa = PBXResourcesBuildPhase;
			buildActionMask = 2147483647;
			files = (
				4F4E0F691FC4839200856105 /* LaunchScreen.storyboard in Resources */,
				4F4E0F661FC4839200856105 /* Assets.xcassets in Resources */,
				4F4E0F641FC4839200856105 /* Main.storyboard in Resources */,
			);
			runOnlyForDeploymentPostprocessing = 0;
		};
		4FE1A5C320234CF600CDFB25 /* Resources */ = {
			isa = PBXResourcesBuildPhase;
			buildActionMask = 2147483647;
			files = (
			);
			runOnlyForDeploymentPostprocessing = 0;
		};
/* End PBXResourcesBuildPhase section */

/* Begin PBXSourcesBuildPhase section */
		4F4E0F571FC4839200856105 /* Sources */ = {
			isa = PBXSourcesBuildPhase;
			buildActionMask = 2147483647;
			files = (
				4F4E0F611FC4839200856105 /* ViewController.swift in Sources */,
				4F4E0F5F1FC4839200856105 /* AppDelegate.swift in Sources */,
			);
			runOnlyForDeploymentPostprocessing = 0;
		};
		4FE1A5C120234CF600CDFB25 /* Sources */ = {
			isa = PBXSourcesBuildPhase;
			buildActionMask = 2147483647;
			files = (
				4FE1A5C820234CF600CDFB25 /* ExampleTests.swift in Sources */,
			);
			runOnlyForDeploymentPostprocessing = 0;
		};
/* End PBXSourcesBuildPhase section */

/* Begin PBXTargetDependency section */
		4FE1A5CB20234CF600CDFB25 /* PBXTargetDependency */ = {
			isa = PBXTargetDependency;
			target = 4F4E0F5A1FC4839200856105 /* Example */;
			targetProxy = 4FE1A5CA20234CF600CDFB25 /* PBXContainerItemProxy */;
		};
/* End PBXTargetDependency section */

/* Begin PBXVariantGroup section */
		4F4E0F621FC4839200856105 /* Main.storyboard */ = {
			isa = PBXVariantGroup;
			children = (
				4F4E0F631FC4839200856105 /* Base */,
			);
			name = Main.storyboard;
			sourceTree = "<group>";
		};
		4F4E0F671FC4839200856105 /* LaunchScreen.storyboard */ = {
			isa = PBXVariantGroup;
			children = (
				4F4E0F681FC4839200856105 /* Base */,
			);
			name = LaunchScreen.storyboard;
			sourceTree = "<group>";
		};
/* End PBXVariantGroup section */

/* Begin XCBuildConfiguration section */
		4F4E0F6B1FC4839200856105 /* Debug */ = {
			isa = XCBuildConfiguration;
			buildSettings = {
				ALWAYS_SEARCH_USER_PATHS = NO;
				CLANG_ANALYZER_NONNULL = YES;
				CLANG_ANALYZER_NUMBER_OBJECT_CONVERSION = YES_AGGRESSIVE;
				CLANG_CXX_LANGUAGE_STANDARD = "gnu++14";
				CLANG_CXX_LIBRARY = "libc++";
				CLANG_ENABLE_MODULES = YES;
				CLANG_ENABLE_OBJC_ARC = YES;
				CLANG_WARN_BLOCK_CAPTURE_AUTORELEASING = YES;
				CLANG_WARN_BOOL_CONVERSION = YES;
				CLANG_WARN_COMMA = YES;
				CLANG_WARN_CONSTANT_CONVERSION = YES;
				CLANG_WARN_DIRECT_OBJC_ISA_USAGE = YES_ERROR;
				CLANG_WARN_DOCUMENTATION_COMMENTS = YES;
				CLANG_WARN_EMPTY_BODY = YES;
				CLANG_WARN_ENUM_CONVERSION = YES;
				CLANG_WARN_INFINITE_RECURSION = YES;
				CLANG_WARN_INT_CONVERSION = YES;
				CLANG_WARN_NON_LITERAL_NULL_CONVERSION = YES;
				CLANG_WARN_OBJC_LITERAL_CONVERSION = YES;
				CLANG_WARN_OBJC_ROOT_CLASS = YES_ERROR;
				CLANG_WARN_RANGE_LOOP_ANALYSIS = YES;
				CLANG_WARN_STRICT_PROTOTYPES = YES;
				CLANG_WARN_SUSPICIOUS_MOVE = YES;
				CLANG_WARN_UNGUARDED_AVAILABILITY = YES_AGGRESSIVE;
				CLANG_WARN_UNREACHABLE_CODE = YES;
				CLANG_WARN__DUPLICATE_METHOD_MATCH = YES;
				CODE_SIGN_IDENTITY = "iPhone Developer";
				COPY_PHASE_STRIP = NO;
				DEBUG_INFORMATION_FORMAT = dwarf;
				ENABLE_STRICT_OBJC_MSGSEND = YES;
				ENABLE_TESTABILITY = YES;
				GCC_C_LANGUAGE_STANDARD = gnu11;
				GCC_DYNAMIC_NO_PIC = NO;
				GCC_NO_COMMON_BLOCKS = YES;
				GCC_OPTIMIZATION_LEVEL = 0;
				GCC_PREPROCESSOR_DEFINITIONS = (
					"DEBUG=1",
					"$(inherited)",
				);
				GCC_WARN_64_TO_32_BIT_CONVERSION = YES;
				GCC_WARN_ABOUT_RETURN_TYPE = YES_ERROR;
				GCC_WARN_UNDECLARED_SELECTOR = YES;
				GCC_WARN_UNINITIALIZED_AUTOS = YES_AGGRESSIVE;
				GCC_WARN_UNUSED_FUNCTION = YES;
				GCC_WARN_UNUSED_VARIABLE = YES;
				IPHONEOS_DEPLOYMENT_TARGET = 11.1;
				MTL_ENABLE_DEBUG_INFO = YES;
				ONLY_ACTIVE_ARCH = YES;
				SDKROOT = iphoneos;
				SWIFT_ACTIVE_COMPILATION_CONDITIONS = DEBUG;
				SWIFT_OPTIMIZATION_LEVEL = "-Onone";
			};
			name = Debug;
		};
		4F4E0F6C1FC4839200856105 /* Release */ = {
			isa = XCBuildConfiguration;
			buildSettings = {
				ALWAYS_SEARCH_USER_PATHS = NO;
				CLANG_ANALYZER_NONNULL = YES;
				CLANG_ANALYZER_NUMBER_OBJECT_CONVERSION = YES_AGGRESSIVE;
				CLANG_CXX_LANGUAGE_STANDARD = "gnu++14";
				CLANG_CXX_LIBRARY = "libc++";
				CLANG_ENABLE_MODULES = YES;
				CLANG_ENABLE_OBJC_ARC = YES;
				CLANG_WARN_BLOCK_CAPTURE_AUTORELEASING = YES;
				CLANG_WARN_BOOL_CONVERSION = YES;
				CLANG_WARN_COMMA = YES;
				CLANG_WARN_CONSTANT_CONVERSION = YES;
				CLANG_WARN_DIRECT_OBJC_ISA_USAGE = YES_ERROR;
				CLANG_WARN_DOCUMENTATION_COMMENTS = YES;
				CLANG_WARN_EMPTY_BODY = YES;
				CLANG_WARN_ENUM_CONVERSION = YES;
				CLANG_WARN_INFINITE_RECURSION = YES;
				CLANG_WARN_INT_CONVERSION = YES;
				CLANG_WARN_NON_LITERAL_NULL_CONVERSION = YES;
				CLANG_WARN_OBJC_LITERAL_CONVERSION = YES;
				CLANG_WARN_OBJC_ROOT_CLASS = YES_ERROR;
				CLANG_WARN_RANGE_LOOP_ANALYSIS = YES;
				CLANG_WARN_STRICT_PROTOTYPES = YES;
				CLANG_WARN_SUSPICIOUS_MOVE = YES;
				CLANG_WARN_UNGUARDED_AVAILABILITY = YES_AGGRESSIVE;
				CLANG_WARN_UNREACHABLE_CODE = YES;
				CLANG_WARN__DUPLICATE_METHOD_MATCH = YES;
				CODE_SIGN_IDENTITY = "iPhone Developer";
				COPY_PHASE_STRIP = NO;
				DEBUG_INFORMATION_FORMAT = "dwarf-with-dsym";
				ENABLE_NS_ASSERTIONS = NO;
				ENABLE_STRICT_OBJC_MSGSEND = YES;
				GCC_C_LANGUAGE_STANDARD = gnu11;
				GCC_NO_COMMON_BLOCKS = YES;
				GCC_WARN_64_TO_32_BIT_CONVERSION = YES;
				GCC_WARN_ABOUT_RETURN_TYPE = YES_ERROR;
				GCC_WARN_UNDECLARED_SELECTOR = YES;
				GCC_WARN_UNINITIALIZED_AUTOS = YES_AGGRESSIVE;
				GCC_WARN_UNUSED_FUNCTION = YES;
				GCC_WARN_UNUSED_VARIABLE = YES;
				IPHONEOS_DEPLOYMENT_TARGET = 11.1;
				MTL_ENABLE_DEBUG_INFO = NO;
				SDKROOT = iphoneos;
				SWIFT_OPTIMIZATION_LEVEL = "-Owholemodule";
				VALIDATE_PRODUCT = YES;
			};
			name = Release;
		};
		4F4E0F6E1FC4839200856105 /* Debug */ = {
			isa = XCBuildConfiguration;
			buildSettings = {
				ASSETCATALOG_COMPILER_APPICON_NAME = AppIcon;
				CODE_SIGN_STYLE = Manual;
				DEFINES_MODULE = YES;
				DEVELOPMENT_TEAM = "";
				INFOPLIST_FILE = Example/Info.plist;
				LD_RUNPATH_SEARCH_PATHS = "$(inherited) @executable_path/Frameworks";
				PRODUCT_BUNDLE_IDENTIFIER = com.piterwilson.StringEmoji.Example;
				PRODUCT_NAME = "$(TARGET_NAME)";
				PROVISIONING_PROFILE_SPECIFIER = "";
				SWIFT_VERSION = 3.0;
				TARGETED_DEVICE_FAMILY = "1,2";
			};
			name = Debug;
		};
		4F4E0F6F1FC4839200856105 /* Release */ = {
			isa = XCBuildConfiguration;
			buildSettings = {
				ASSETCATALOG_COMPILER_APPICON_NAME = AppIcon;
				CODE_SIGN_STYLE = Manual;
				DEFINES_MODULE = YES;
				DEVELOPMENT_TEAM = "";
				INFOPLIST_FILE = Example/Info.plist;
				LD_RUNPATH_SEARCH_PATHS = "$(inherited) @executable_path/Frameworks";
				PRODUCT_BUNDLE_IDENTIFIER = com.piterwilson.StringEmoji.Example;
				PRODUCT_NAME = "$(TARGET_NAME)";
				PROVISIONING_PROFILE_SPECIFIER = "";
				SWIFT_VERSION = 3.0;
				TARGETED_DEVICE_FAMILY = "1,2";
			};
			name = Release;
		};
		4FE1A5CC20234CF600CDFB25 /* Debug */ = {
			isa = XCBuildConfiguration;
			buildSettings = {
				BUNDLE_LOADER = "$(TEST_HOST)";
				CODE_SIGN_STYLE = Automatic;
				DEVELOPMENT_TEAM = 2BA7PGZ44F;
				INFOPLIST_FILE = ExampleTests/Info.plist;
				IPHONEOS_DEPLOYMENT_TARGET = 11.2;
				LD_RUNPATH_SEARCH_PATHS = "$(inherited) @executable_path/Frameworks @loader_path/Frameworks";
				PRODUCT_BUNDLE_IDENTIFIER = com.piterwilson.ExampleTests;
				PRODUCT_NAME = "$(TARGET_NAME)";
				SWIFT_VERSION = 4.0;
				TARGETED_DEVICE_FAMILY = "1,2";
				TEST_HOST = "$(BUILT_PRODUCTS_DIR)/Example.app/Example";
			};
			name = Debug;
		};
		4FE1A5CD20234CF600CDFB25 /* Release */ = {
			isa = XCBuildConfiguration;
			buildSettings = {
				BUNDLE_LOADER = "$(TEST_HOST)";
				CODE_SIGN_STYLE = Automatic;
				DEVELOPMENT_TEAM = 2BA7PGZ44F;
				INFOPLIST_FILE = ExampleTests/Info.plist;
				IPHONEOS_DEPLOYMENT_TARGET = 11.2;
				LD_RUNPATH_SEARCH_PATHS = "$(inherited) @executable_path/Frameworks @loader_path/Frameworks";
				PRODUCT_BUNDLE_IDENTIFIER = com.piterwilson.ExampleTests;
				PRODUCT_NAME = "$(TARGET_NAME)";
				SWIFT_VERSION = 4.0;
				TARGETED_DEVICE_FAMILY = "1,2";
				TEST_HOST = "$(BUILT_PRODUCTS_DIR)/Example.app/Example";
			};
			name = Release;
		};
/* End XCBuildConfiguration section */

/* Begin XCConfigurationList section */
		4F4E0F561FC4839200856105 /* Build configuration list for PBXProject "Example" */ = {
			isa = XCConfigurationList;
			buildConfigurations = (
				4F4E0F6B1FC4839200856105 /* Debug */,
				4F4E0F6C1FC4839200856105 /* Release */,
			);
			defaultConfigurationIsVisible = 0;
			defaultConfigurationName = Release;
		};
		4F4E0F6D1FC4839200856105 /* Build configuration list for PBXNativeTarget "Example" */ = {
			isa = XCConfigurationList;
			buildConfigurations = (
				4F4E0F6E1FC4839200856105 /* Debug */,
				4F4E0F6F1FC4839200856105 /* Release */,
			);
			defaultConfigurationIsVisible = 0;
			defaultConfigurationName = Release;
		};
		4FE1A5CE20234CF600CDFB25 /* Build configuration list for PBXNativeTarget "ExampleTests" */ = {
			isa = XCConfigurationList;
			buildConfigurations = (
				4FE1A5CC20234CF600CDFB25 /* Debug */,
				4FE1A5CD20234CF600CDFB25 /* Release */,
			);
			defaultConfigurationIsVisible = 0;
			defaultConfigurationName = Release;
		};
/* End XCConfigurationList section */
	};
	rootObject = 4F4E0F531FC4839200856105 /* Project object */;
}
